# This file is generated by running "yarn install" inside your project.
# Manual changes might be lost - proceed with caution!

__metadata:
  version: 8
  cacheKey: 10

"@esbuild/android-arm@npm:0.15.18":
  version: 0.15.18
  resolution: "@esbuild/android-arm@npm:0.15.18"
  conditions: os=android & cpu=arm
  languageName: node
  linkType: hard

"@esbuild/linux-loong64@npm:0.15.18":
  version: 0.15.18
  resolution: "@esbuild/linux-loong64@npm:0.15.18"
  conditions: os=linux & cpu=loong64
  languageName: node
  linkType: hard

"@types/node@npm:^22.10.1":
  version: 22.10.1
  resolution: "@types/node@npm:22.10.1"
  dependencies:
    undici-types: "npm:~6.20.0"
  checksum: 10/c802a526da2f3fa3ccefd00a71244e7cb825329951719e79e8fec62b1dbc2855388c830489770611584665ce10be23c05ed585982038b24924e1ba2c2cce03fd
  languageName: node
  linkType: hard

"advent-of-code-2024@workspace:.":
  version: 0.0.0-use.local
  resolution: "advent-of-code-2024@workspace:."
  dependencies:
    "@types/node": "npm:^22.10.1"
    tsm: "npm:^2.3.0"
    typescript: "npm:^5.7.2"
  languageName: unknown
  linkType: soft

"esbuild-android-64@npm:0.15.18":
  version: 0.15.18
  resolution: "esbuild-android-64@npm:0.15.18"
  conditions: os=android & cpu=x64
  languageName: node
  linkType: hard

"esbuild-android-arm64@npm:0.15.18":
  version: 0.15.18
  resolution: "esbuild-android-arm64@npm:0.15.18"
  conditions: os=android & cpu=arm64
  languageName: node
  linkType: hard

"esbuild-darwin-64@npm:0.15.18":
  version: 0.15.18
  resolution: "esbuild-darwin-64@npm:0.15.18"
  conditions: os=darwin & cpu=x64
  languageName: node
  linkType: hard

"esbuild-darwin-arm64@npm:0.15.18":
  version: 0.15.18
  resolution: "esbuild-darwin-arm64@npm:0.15.18"
  conditions: os=darwin & cpu=arm64
  languageName: node
  linkType: hard

"esbuild-freebsd-64@npm:0.15.18":
  version: 0.15.18
  resolution: "esbuild-freebsd-64@npm:0.15.18"
  conditions: os=freebsd & cpu=x64
  languageName: node
  linkType: hard

"esbuild-freebsd-arm64@npm:0.15.18":
  version: 0.15.18
  resolution: "esbuild-freebsd-arm64@npm:0.15.18"
  conditions: os=freebsd & cpu=arm64
  languageName: node
  linkType: hard

"esbuild-linux-32@npm:0.15.18":
  version: 0.15.18
  resolution: "esbuild-linux-32@npm:0.15.18"
  conditions: os=linux & cpu=ia32
  languageName: node
  linkType: hard

"esbuild-linux-64@npm:0.15.18":
  version: 0.15.18
  resolution: "esbuild-linux-64@npm:0.15.18"
  conditions: os=linux & cpu=x64
  languageName: node
  linkType: hard

"esbuild-linux-arm64@npm:0.15.18":
  version: 0.15.18
  resolution: "esbuild-linux-arm64@npm:0.15.18"
  conditions: os=linux & cpu=arm64
  languageName: node
  linkType: hard

"esbuild-linux-arm@npm:0.15.18":
  version: 0.15.18
  resolution: "esbuild-linux-arm@npm:0.15.18"
  conditions: os=linux & cpu=arm
  languageName: node
  linkType: hard

"esbuild-linux-mips64le@npm:0.15.18":
  version: 0.15.18
  resolution: "esbuild-linux-mips64le@npm:0.15.18"
  conditions: os=linux & cpu=mips64el
  languageName: node
  linkType: hard

"esbuild-linux-ppc64le@npm:0.15.18":
  version: 0.15.18
  resolution: "esbuild-linux-ppc64le@npm:0.15.18"
  conditions: os=linux & cpu=ppc64
  languageName: node
  linkType: hard

"esbuild-linux-riscv64@npm:0.15.18":
  version: 0.15.18
  resolution: "esbuild-linux-riscv64@npm:0.15.18"
  conditions: os=linux & cpu=riscv64
  languageName: node
  linkType: hard

"esbuild-linux-s390x@npm:0.15.18":
  version: 0.15.18
  resolution: "esbuild-linux-s390x@npm:0.15.18"
  conditions: os=linux & cpu=s390x
  languageName: node
  linkType: hard

"esbuild-netbsd-64@npm:0.15.18":
  version: 0.15.18
  resolution: "esbuild-netbsd-64@npm:0.15.18"
  conditions: os=netbsd & cpu=x64
  languageName: node
  linkType: hard

"esbuild-openbsd-64@npm:0.15.18":
  version: 0.15.18
  resolution: "esbuild-openbsd-64@npm:0.15.18"
  conditions: os=openbsd & cpu=x64
  languageName: node
  linkType: hard

"esbuild-sunos-64@npm:0.15.18":
  version: 0.15.18
  resolution: "esbuild-sunos-64@npm:0.15.18"
  conditions: os=sunos & cpu=x64
  languageName: node
  linkType: hard

"esbuild-windows-32@npm:0.15.18":
  version: 0.15.18
  resolution: "esbuild-windows-32@npm:0.15.18"
  conditions: os=win32 & cpu=ia32
  languageName: node
  linkType: hard

"esbuild-windows-64@npm:0.15.18":
  version: 0.15.18
  resolution: "esbuild-windows-64@npm:0.15.18"
  conditions: os=win32 & cpu=x64
  languageName: node
  linkType: hard

"esbuild-windows-arm64@npm:0.15.18":
  version: 0.15.18
  resolution: "esbuild-windows-arm64@npm:0.15.18"
  conditions: os=win32 & cpu=arm64
  languageName: node
  linkType: hard

"esbuild@npm:^0.15.16":
  version: 0.15.18
  resolution: "esbuild@npm:0.15.18"
  dependencies:
    "@esbuild/android-arm": "npm:0.15.18"
    "@esbuild/linux-loong64": "npm:0.15.18"
    esbuild-android-64: "npm:0.15.18"
    esbuild-android-arm64: "npm:0.15.18"
    esbuild-darwin-64: "npm:0.15.18"
    esbuild-darwin-arm64: "npm:0.15.18"
    esbuild-freebsd-64: "npm:0.15.18"
    esbuild-freebsd-arm64: "npm:0.15.18"
    esbuild-linux-32: "npm:0.15.18"
    esbuild-linux-64: "npm:0.15.18"
    esbuild-linux-arm: "npm:0.15.18"
    esbuild-linux-arm64: "npm:0.15.18"
    esbuild-linux-mips64le: "npm:0.15.18"
    esbuild-linux-ppc64le: "npm:0.15.18"
    esbuild-linux-riscv64: "npm:0.15.18"
    esbuild-linux-s390x: "npm:0.15.18"
    esbuild-netbsd-64: "npm:0.15.18"
    esbuild-openbsd-64: "npm:0.15.18"
    esbuild-sunos-64: "npm:0.15.18"
    esbuild-windows-32: "npm:0.15.18"
    esbuild-windows-64: "npm:0.15.18"
    esbuild-windows-arm64: "npm:0.15.18"
  dependenciesMeta:
    "@esbuild/android-arm":
      optional: true
    "@esbuild/linux-loong64":
      optional: true
    esbuild-android-64:
      optional: true
    esbuild-android-arm64:
      optional: true
    esbuild-darwin-64:
      optional: true
    esbuild-darwin-arm64:
      optional: true
    esbuild-freebsd-64:
      optional: true
    esbuild-freebsd-arm64:
      optional: true
    esbuild-linux-32:
      optional: true
    esbuild-linux-64:
      optional: true
    esbuild-linux-arm:
      optional: true
    esbuild-linux-arm64:
      optional: true
    esbuild-linux-mips64le:
      optional: true
    esbuild-linux-ppc64le:
      optional: true
    esbuild-linux-riscv64:
      optional: true
    esbuild-linux-s390x:
      optional: true
    esbuild-netbsd-64:
      optional: true
    esbuild-openbsd-64:
      optional: true
    esbuild-sunos-64:
      optional: true
    esbuild-windows-32:
      optional: true
    esbuild-windows-64:
      optional: true
    esbuild-windows-arm64:
      optional: true
  bin:
    esbuild: bin/esbuild
  checksum: 10/8cf0b134b4f3d623b35f874ac97de7b7bd9d0184717f298a226d607dcfbcd029be438c1d0d60804944e8486604833de3c0b8ddd5eb3598a5ee70f8121ad50aee
  languageName: node
  linkType: hard

"tsm@npm:^2.3.0":
  version: 2.3.0
  resolution: "tsm@npm:2.3.0"
  dependencies:
    esbuild: "npm:^0.15.16"
  bin:
    tsm: bin.js
  checksum: 10/595e3185d962c53a9d3f2ecf762e847fce0c8261208c0059ee9c46f931effc2c4b44d1c7265bfc8c7d8fab2435f909f90ee4ebc80da58df7b1280f41c6fcaca1
  languageName: node
  linkType: hard

"typescript@npm:^5.7.2":
  version: 5.7.2
  resolution: "typescript@npm:5.7.2"
  bin:
    tsc: bin/tsc
    tsserver: bin/tsserver
  checksum: 10/4caa3904df69db9d4a8bedc31bafc1e19ffb7b24fbde2997a1633ae1398d0de5bdbf8daf602ccf3b23faddf1aeeb9b795223a2ed9c9a4fdcaf07bfde114a401a
  languageName: node
  linkType: hard

"typescript@patch:typescript@npm%3A^5.7.2#optional!builtin<compat/typescript>":
  version: 5.7.2
  resolution: "typescript@patch:typescript@npm%3A5.7.2#optional!builtin<compat/typescript>::version=5.7.2&hash=5786d5"
  bin:
    tsc: bin/tsc
    tsserver: bin/tsserver
  checksum: 10/d75ca10141afc64fd3474b41a8b082b640555bed388d237558aed64e5827ddadb48f90932c7f4205883f18f5bcab8b6a739a2cfac95855604b0dfeb34bc2f3eb
  languageName: node
  linkType: hard

"undici-types@npm:~6.20.0":
  version: 6.20.0
  resolution: "undici-types@npm:6.20.0"
  checksum: 10/583ac7bbf4ff69931d3985f4762cde2690bb607844c16a5e2fbb92ed312fe4fa1b365e953032d469fa28ba8b224e88a595f0b10a449332f83fa77c695e567dbe
  languageName: node
  linkType: hard
